
Microsoft Visual Studio Solution File, Format Version 11.00
# Visual Studio 2010
Project("{FAE04EC0-301F-11D3-BF4B-00C04F79EFBC}") = "Assembly-CSharp", "Assembly-CSharp.csproj", "{2868515A-C897-4138-1D05-A26D8A4893CE}"
EndProject
Global
	GlobalSection(SolutionConfigurationPlatforms) = preSolution
		Debug|Any CPU = Debug|Any CPU
		Release|Any CPU = Release|Any CPU
	EndGlobalSection
	GlobalSection(ProjectConfigurationPlatforms) = postSolution
		{2868515A-C897-4138-1D05-A26D8A4893CE}.Debug|Any CPU.ActiveCfg = Debug|Any CPU
		{2868515A-C897-4138-1D05-A26D8A4893CE}.Debug|Any CPU.Build.0 = Debug|Any CPU
		{2868515A-C897-4138-1D05-A26D8A4893CE}.Release|Any CPU.ActiveCfg = Release|Any CPU
		{2868515A-C897-4138-1D05-A26D8A4893CE}.Release|Any CPU.Build.0 = Release|Any CPU
	EndGlobalSection
	GlobalSection(SolutionProperties) = preSolution
		HideSolutionNode = FALSE
	EndGlobalSection
EndGlobal
